{
  "object": {
    "pins": [
      {
        "package": "dotLottieLoader",
        "repositoryURL": "https://github.com/dotLottie/dotLottieLoader",
        "state": {
          "branch": null,
          "revision": "2760eeecfde0dcc4f8974acef1fc6ed5c0b45b09",
          "version": "0.1.8"
        }
      },
      {
        "package": "Lottie",
        "repositoryURL": "https://github.com/airbnb/lottie-ios.git",
        "state": {
          "branch": null,
          "revision": "4a6058cbbdfe4f74aeae92c8bd51ad3b0de2a1ee",
          "version": "3.3.0"
        }
      },
      {
        "package": "Zip",
        "repositoryURL": "https://github.com/LottieFiles/Zip.git",
        "state": {
          "branch": null,
          "revision": "e16ccb1e0e772b280a2e177e2b6d4d99dd8f9419",
          "version": "2.1.2"
        }
      }
    ]
  },
  "version": 1
}
